
Microsoft Visual Studio Solution File, Format Version 12.00
# Visual Studio Version 17
VisualStudioVersion = 17.5.33530.505
MinimumVisualStudioVersion = 10.0.40219.1
Project("{9A19103F-16F7-4668-BE54-9A1E7A4F7556}") = "Ir.ApiTest", "src\Ir.ApiTest\Ir.ApiTest.csproj", "{76FA4A34-FE1B-49A9-9240-4188742E5FFE}"
EndProject
Project("{2150E333-8FDC-42A3-9474-1A3956D46DE8}") = "Solution Items", "Solution Items", "{14E307E3-471B-43C9-9E29-5573FF4738FD}"
	ProjectSection(SolutionItems) = preProject
		.editorconfig = .editorconfig
		.gitignore = .gitignore
		README.md = README.md
	EndProjectSection
EndProject
Project("{9A19103F-16F7-4668-BE54-9A1E7A4F7556}") = "Ir.ApiTest.Contracts", "src\Ir.ApiTest.Contracts\Ir.ApiTest.Contracts.csproj", "{4C5E97A5-FD30-4C9D-A0EA-76EA8E5828CA}"
EndProject
Project("{9A19103F-16F7-4668-BE54-9A1E7A4F7556}") = "Ir.ApiTest.Entity", "src\Ir.ApiTest.Entity\Ir.ApiTest.Entity.csproj", "{8BC13679-D84F-4884-AF8F-B411A4469187}"
EndProject
Project("{FAE04EC0-301F-11D3-BF4B-00C04F79EFBC}") = "Ir.ApiTest.Test", "Ir.ApiTest.Test\Ir.ApiTest.Test.csproj", "{C0E998F0-13DF-4C80-8ACF-2CAC9D112EFD}"
EndProject
Project("{FAE04EC0-301F-11D3-BF4B-00C04F79EFBC}") = "Ir.ApiTest.Entity.Test", "Ir.ApiTest.Entity.Test\Ir.ApiTest.Entity.Test.csproj", "{9BF51DE2-0A17-4208-A469-3AE5BC543524}"
EndProject
Global
	GlobalSection(SolutionConfigurationPlatforms) = preSolution
		Debug|Any CPU = Debug|Any CPU
		Release|Any CPU = Release|Any CPU
	EndGlobalSection
	GlobalSection(ProjectConfigurationPlatforms) = postSolution
		{76FA4A34-FE1B-49A9-9240-4188742E5FFE}.Debug|Any CPU.ActiveCfg = Debug|Any CPU
		{76FA4A34-FE1B-49A9-9240-4188742E5FFE}.Debug|Any CPU.Build.0 = Debug|Any CPU
		{76FA4A34-FE1B-49A9-9240-4188742E5FFE}.Release|Any CPU.ActiveCfg = Release|Any CPU
		{76FA4A34-FE1B-49A9-9240-4188742E5FFE}.Release|Any CPU.Build.0 = Release|Any CPU
		{4C5E97A5-FD30-4C9D-A0EA-76EA8E5828CA}.Debug|Any CPU.ActiveCfg = Debug|Any CPU
		{4C5E97A5-FD30-4C9D-A0EA-76EA8E5828CA}.Debug|Any CPU.Build.0 = Debug|Any CPU
		{4C5E97A5-FD30-4C9D-A0EA-76EA8E5828CA}.Release|Any CPU.ActiveCfg = Release|Any CPU
		{4C5E97A5-FD30-4C9D-A0EA-76EA8E5828CA}.Release|Any CPU.Build.0 = Release|Any CPU
		{8BC13679-D84F-4884-AF8F-B411A4469187}.Debug|Any CPU.ActiveCfg = Debug|Any CPU
		{8BC13679-D84F-4884-AF8F-B411A4469187}.Debug|Any CPU.Build.0 = Debug|Any CPU
		{8BC13679-D84F-4884-AF8F-B411A4469187}.Release|Any CPU.ActiveCfg = Release|Any CPU
		{8BC13679-D84F-4884-AF8F-B411A4469187}.Release|Any CPU.Build.0 = Release|Any CPU
		{C0E998F0-13DF-4C80-8ACF-2CAC9D112EFD}.Debug|Any CPU.ActiveCfg = Debug|Any CPU
		{C0E998F0-13DF-4C80-8ACF-2CAC9D112EFD}.Debug|Any CPU.Build.0 = Debug|Any CPU
		{C0E998F0-13DF-4C80-8ACF-2CAC9D112EFD}.Release|Any CPU.ActiveCfg = Release|Any CPU
		{C0E998F0-13DF-4C80-8ACF-2CAC9D112EFD}.Release|Any CPU.Build.0 = Release|Any CPU
		{9BF51DE2-0A17-4208-A469-3AE5BC543524}.Debug|Any CPU.ActiveCfg = Debug|Any CPU
		{9BF51DE2-0A17-4208-A469-3AE5BC543524}.Debug|Any CPU.Build.0 = Debug|Any CPU
		{9BF51DE2-0A17-4208-A469-3AE5BC543524}.Release|Any CPU.ActiveCfg = Release|Any CPU
		{9BF51DE2-0A17-4208-A469-3AE5BC543524}.Release|Any CPU.Build.0 = Release|Any CPU
	EndGlobalSection
	GlobalSection(SolutionProperties) = preSolution
		HideSolutionNode = FALSE
	EndGlobalSection
	GlobalSection(ExtensibilityGlobals) = postSolution
		SolutionGuid = {4BE39F33-08C0-400C-A234-6D817C82B522}
	EndGlobalSection
EndGlobal
