
Microsoft Visual Studio Solution File, Format Version 12.00
# Visual Studio Version 17
VisualStudioVersion = 17.9.34728.123
MinimumVisualStudioVersion = 10.0.40219.1
Project("{FAE04EC0-301F-11D3-BF4B-00C04F79EFBC}") = "ConsoleGFG", "ConsoleGFG\ConsoleGFG.csproj", "{1511A3CD-0251-49E2-95C7-AFBF879C4ACD}"
EndProject
Global
	GlobalSection(SolutionConfigurationPlatforms) = preSolution
		Debug|Any CPU = Debug|Any CPU
		Release|Any CPU = Release|Any CPU
	EndGlobalSection
	GlobalSection(ProjectConfigurationPlatforms) = postSolution
		{1511A3CD-0251-49E2-95C7-AFBF879C4ACD}.Debug|Any CPU.ActiveCfg = Debug|Any CPU
		{1511A3CD-0251-49E2-95C7-AFBF879C4ACD}.Debug|Any CPU.Build.0 = Debug|Any CPU
		{1511A3CD-0251-49E2-95C7-AFBF879C4ACD}.Release|Any CPU.ActiveCfg = Release|Any CPU
		{1511A3CD-0251-49E2-95C7-AFBF879C4ACD}.Release|Any CPU.Build.0 = Release|Any CPU
	EndGlobalSection
	GlobalSection(SolutionProperties) = preSolution
		HideSolutionNode = FALSE
	EndGlobalSection
	GlobalSection(ExtensibilityGlobals) = postSolution
		SolutionGuid = {D1B06080-E43F-4F5A-BB58-2D7DC6C99B91}
	EndGlobalSection
EndGlobal
