
Microsoft Visual Studio Solution File, Format Version 12.00
# Visual Studio Version 17
VisualStudioVersion = 17.9.34728.123
MinimumVisualStudioVersion = 10.0.40219.1
Project("{FAE04EC0-301F-11D3-BF4B-00C04F79EFBC}") = "IR.ApiTest", "IR.ApiTest\IR.ApiTest.csproj", "{361AC571-8804-4EFE-B614-38E4B78CDCDF}"
EndProject
Project("{FAE04EC0-301F-11D3-BF4B-00C04F79EFBC}") = "IR.ApiTest.Contracts", "IR.ApiTest.Contracts\IR.ApiTest.Contracts.csproj", "{38129F9A-9125-4C62-B4FB-809554984BA2}"
EndProject
Project("{FAE04EC0-301F-11D3-BF4B-00C04F79EFBC}") = "IR.ApiTest.Entity", "IR.ApiTest.Entity\IR.ApiTest.Entity.csproj", "{C0D53E82-7077-4011-9F15-F7D9653B1909}"
EndProject
Global
	GlobalSection(SolutionConfigurationPlatforms) = preSolution
		Debug|Any CPU = Debug|Any CPU
		Release|Any CPU = Release|Any CPU
	EndGlobalSection
	GlobalSection(ProjectConfigurationPlatforms) = postSolution
		{361AC571-8804-4EFE-B614-38E4B78CDCDF}.Debug|Any CPU.ActiveCfg = Debug|Any CPU
		{361AC571-8804-4EFE-B614-38E4B78CDCDF}.Debug|Any CPU.Build.0 = Debug|Any CPU
		{361AC571-8804-4EFE-B614-38E4B78CDCDF}.Release|Any CPU.ActiveCfg = Release|Any CPU
		{361AC571-8804-4EFE-B614-38E4B78CDCDF}.Release|Any CPU.Build.0 = Release|Any CPU
		{38129F9A-9125-4C62-B4FB-809554984BA2}.Debug|Any CPU.ActiveCfg = Debug|Any CPU
		{38129F9A-9125-4C62-B4FB-809554984BA2}.Debug|Any CPU.Build.0 = Debug|Any CPU
		{38129F9A-9125-4C62-B4FB-809554984BA2}.Release|Any CPU.ActiveCfg = Release|Any CPU
		{38129F9A-9125-4C62-B4FB-809554984BA2}.Release|Any CPU.Build.0 = Release|Any CPU
		{C0D53E82-7077-4011-9F15-F7D9653B1909}.Debug|Any CPU.ActiveCfg = Debug|Any CPU
		{C0D53E82-7077-4011-9F15-F7D9653B1909}.Debug|Any CPU.Build.0 = Debug|Any CPU
		{C0D53E82-7077-4011-9F15-F7D9653B1909}.Release|Any CPU.ActiveCfg = Release|Any CPU
		{C0D53E82-7077-4011-9F15-F7D9653B1909}.Release|Any CPU.Build.0 = Release|Any CPU
	EndGlobalSection
	GlobalSection(SolutionProperties) = preSolution
		HideSolutionNode = FALSE
	EndGlobalSection
	GlobalSection(ExtensibilityGlobals) = postSolution
		SolutionGuid = {ED6C2452-E9AC-4C5E-96B6-584CE625748B}
	EndGlobalSection
EndGlobal
