
Microsoft Visual Studio Solution File, Format Version 12.00
# Visual Studio Version 16
VisualStudioVersion = 16.0.30225.117
MinimumVisualStudioVersion = 10.0.40219.1
Project("{FAE04EC0-301F-11D3-BF4B-00C04F79EFBC}") = "LoggingTest1", "LoggingTest1\LoggingTest1.csproj", "{FDF2B53D-8919-4A9B-A205-EF509B728D2C}"
EndProject
Global
	GlobalSection(SolutionConfigurationPlatforms) = preSolution
		Debug|Any CPU = Debug|Any CPU
		Release|Any CPU = Release|Any CPU
	EndGlobalSection
	GlobalSection(ProjectConfigurationPlatforms) = postSolution
		{FDF2B53D-8919-4A9B-A205-EF509B728D2C}.Debug|Any CPU.ActiveCfg = Debug|Any CPU
		{FDF2B53D-8919-4A9B-A205-EF509B728D2C}.Debug|Any CPU.Build.0 = Debug|Any CPU
		{FDF2B53D-8919-4A9B-A205-EF509B728D2C}.Release|Any CPU.ActiveCfg = Release|Any CPU
		{FDF2B53D-8919-4A9B-A205-EF509B728D2C}.Release|Any CPU.Build.0 = Release|Any CPU
	EndGlobalSection
	GlobalSection(SolutionProperties) = preSolution
		HideSolutionNode = FALSE
	EndGlobalSection
	GlobalSection(ExtensibilityGlobals) = postSolution
		SolutionGuid = {6EEA28EE-CA39-436F-A833-C396762AB2B5}
	EndGlobalSection
EndGlobal
