
Microsoft Visual Studio Solution File, Format Version 12.00
# Visual Studio Version 17
VisualStudioVersion = 17.9.34728.123
MinimumVisualStudioVersion = 10.0.40219.1
Project("{FAE04EC0-301F-11D3-BF4B-00C04F79EFBC}") = "testwebapi1", "testwebapi1\testwebapi1.csproj", "{6373AB22-BC42-45BE-8546-1095A5D3DE73}"
EndProject
Global
	GlobalSection(SolutionConfigurationPlatforms) = preSolution
		Debug|Any CPU = Debug|Any CPU
		Release|Any CPU = Release|Any CPU
	EndGlobalSection
	GlobalSection(ProjectConfigurationPlatforms) = postSolution
		{6373AB22-BC42-45BE-8546-1095A5D3DE73}.Debug|Any CPU.ActiveCfg = Debug|Any CPU
		{6373AB22-BC42-45BE-8546-1095A5D3DE73}.Debug|Any CPU.Build.0 = Debug|Any CPU
		{6373AB22-BC42-45BE-8546-1095A5D3DE73}.Release|Any CPU.ActiveCfg = Release|Any CPU
		{6373AB22-BC42-45BE-8546-1095A5D3DE73}.Release|Any CPU.Build.0 = Release|Any CPU
	EndGlobalSection
	GlobalSection(SolutionProperties) = preSolution
		HideSolutionNode = FALSE
	EndGlobalSection
	GlobalSection(ExtensibilityGlobals) = postSolution
		SolutionGuid = {36BAEF45-E3BB-43FD-B0F1-903A4D9DABC2}
	EndGlobalSection
EndGlobal
