
Microsoft Visual Studio Solution File, Format Version 12.00
# Visual Studio Version 17
VisualStudioVersion = 17.9.34728.123
MinimumVisualStudioVersion = 10.0.40219.1
Project("{FAE04EC0-301F-11D3-BF4B-00C04F79EFBC}") = "LinqConsoleApp", "LinqConsoleApp\LinqConsoleApp.csproj", "{ABAC28C9-AF19-41A1-982A-0CBBEE546CE2}"
EndProject
Global
	GlobalSection(SolutionConfigurationPlatforms) = preSolution
		Debug|Any CPU = Debug|Any CPU
		Release|Any CPU = Release|Any CPU
	EndGlobalSection
	GlobalSection(ProjectConfigurationPlatforms) = postSolution
		{ABAC28C9-AF19-41A1-982A-0CBBEE546CE2}.Debug|Any CPU.ActiveCfg = Debug|Any CPU
		{ABAC28C9-AF19-41A1-982A-0CBBEE546CE2}.Debug|Any CPU.Build.0 = Debug|Any CPU
		{ABAC28C9-AF19-41A1-982A-0CBBEE546CE2}.Release|Any CPU.ActiveCfg = Release|Any CPU
		{ABAC28C9-AF19-41A1-982A-0CBBEE546CE2}.Release|Any CPU.Build.0 = Release|Any CPU
	EndGlobalSection
	GlobalSection(SolutionProperties) = preSolution
		HideSolutionNode = FALSE
	EndGlobalSection
	GlobalSection(ExtensibilityGlobals) = postSolution
		SolutionGuid = {7B9FD039-EE73-4D21-8EEC-A08029C6B1EE}
	EndGlobalSection
EndGlobal
